
Microsoft Visual Studio Solution File, Format Version 12.00
# Visual Studio Version 17
VisualStudioVersion = 17.14.36518.9 d17.14
MinimumVisualStudioVersion = 10.0.40219.1
Project("{FAE04EC0-301F-11D3-BF4B-00C04F79EFBC}") = "Exercice-NTP1_romain", "Exercice-NTP1_romain.csproj", "{96177A22-6932-4540-AA15-049EFB83591E}"
EndProject
Global
	GlobalSection(SolutionConfigurationPlatforms) = preSolution
		Debug|Any CPU = Debug|Any CPU
		Release|Any CPU = Release|Any CPU
	EndGlobalSection
	GlobalSection(ProjectConfigurationPlatforms) = postSolution
		{96177A22-6932-4540-AA15-049EFB83591E}.Debug|Any CPU.ActiveCfg = Debug|Any CPU
		{96177A22-6932-4540-AA15-049EFB83591E}.Debug|Any CPU.Build.0 = Debug|Any CPU
		{96177A22-6932-4540-AA15-049EFB83591E}.Release|Any CPU.ActiveCfg = Release|Any CPU
		{96177A22-6932-4540-AA15-049EFB83591E}.Release|Any CPU.Build.0 = Release|Any CPU
	EndGlobalSection
	GlobalSection(SolutionProperties) = preSolution
		HideSolutionNode = FALSE
	EndGlobalSection
	GlobalSection(ExtensibilityGlobals) = postSolution
		SolutionGuid = {1789FC05-0191-4DCD-AD4F-23951E13479E}
	EndGlobalSection
EndGlobal
